
Microsoft Visual Studio Solution File, Format Version 12.00
# Visual Studio Version 17
VisualStudioVersion = 17.2.32526.322
MinimumVisualStudioVersion = 10.0.40219.1
Project("{FAE04EC0-301F-11D3-BF4B-00C04F79EFBC}") = "Mocanu_Gabriel", "Mocanu_Gabriel.csproj", "{2799EEB2-1EA1-4E85-A754-6E19AE0CBB5B}"
EndProject
Global
	GlobalSection(SolutionConfigurationPlatforms) = preSolution
		Debug|Any CPU = Debug|Any CPU
		Release|Any CPU = Release|Any CPU
	EndGlobalSection
	GlobalSection(ProjectConfigurationPlatforms) = postSolution
		{2799EEB2-1EA1-4E85-A754-6E19AE0CBB5B}.Debug|Any CPU.ActiveCfg = Debug|Any CPU
		{2799EEB2-1EA1-4E85-A754-6E19AE0CBB5B}.Debug|Any CPU.Build.0 = Debug|Any CPU
		{2799EEB2-1EA1-4E85-A754-6E19AE0CBB5B}.Release|Any CPU.ActiveCfg = Release|Any CPU
		{2799EEB2-1EA1-4E85-A754-6E19AE0CBB5B}.Release|Any CPU.Build.0 = Release|Any CPU
	EndGlobalSection
	GlobalSection(SolutionProperties) = preSolution
		HideSolutionNode = FALSE
	EndGlobalSection
	GlobalSection(ExtensibilityGlobals) = postSolution
		SolutionGuid = {228DAB25-EC91-4574-BC44-96E4A2A51B29}
	EndGlobalSection
EndGlobal
